
Microsoft Visual Studio Solution File, Format Version 12.00
# Visual Studio Version 17
VisualStudioVersion = 17.4.33122.133
MinimumVisualStudioVersion = 10.0.40219.1
Project("{FAE04EC0-301F-11D3-BF4B-00C04F79EFBC}") = "MergeZipContent", "MergeZipContent\MergeZipContent.csproj", "{27592504-4EA4-483F-B67A-FEEDA0AD3E26}"
EndProject
Global
	GlobalSection(SolutionConfigurationPlatforms) = preSolution
		Debug|Any CPU = Debug|Any CPU
		Release|Any CPU = Release|Any CPU
	EndGlobalSection
	GlobalSection(ProjectConfigurationPlatforms) = postSolution
		{27592504-4EA4-483F-B67A-FEEDA0AD3E26}.Debug|Any CPU.ActiveCfg = Debug|Any CPU
		{27592504-4EA4-483F-B67A-FEEDA0AD3E26}.Debug|Any CPU.Build.0 = Debug|Any CPU
		{27592504-4EA4-483F-B67A-FEEDA0AD3E26}.Release|Any CPU.ActiveCfg = Release|Any CPU
		{27592504-4EA4-483F-B67A-FEEDA0AD3E26}.Release|Any CPU.Build.0 = Release|Any CPU
	EndGlobalSection
	GlobalSection(SolutionProperties) = preSolution
		HideSolutionNode = FALSE
	EndGlobalSection
	GlobalSection(ExtensibilityGlobals) = postSolution
		SolutionGuid = {CE42B742-54F7-4599-9C5B-99E9C04B7718}
	EndGlobalSection
EndGlobal
